
Microsoft Visual Studio Solution File, Format Version 12.00
# Visual Studio Version 16
VisualStudioVersion = 16.0.31729.503
MinimumVisualStudioVersion = 10.0.40219.1
Project("{FAE04EC0-301F-11D3-BF4B-00C04F79EFBC}") = "пр4 з 7", "пр4 з 7\пр4 з 7.csproj", "{A636A7F0-6E09-42CD-A43E-895392DFFEE8}"
EndProject
Global
	GlobalSection(SolutionConfigurationPlatforms) = preSolution
		Debug|Any CPU = Debug|Any CPU
		Release|Any CPU = Release|Any CPU
	EndGlobalSection
	GlobalSection(ProjectConfigurationPlatforms) = postSolution
		{A636A7F0-6E09-42CD-A43E-895392DFFEE8}.Debug|Any CPU.ActiveCfg = Debug|Any CPU
		{A636A7F0-6E09-42CD-A43E-895392DFFEE8}.Debug|Any CPU.Build.0 = Debug|Any CPU
		{A636A7F0-6E09-42CD-A43E-895392DFFEE8}.Release|Any CPU.ActiveCfg = Release|Any CPU
		{A636A7F0-6E09-42CD-A43E-895392DFFEE8}.Release|Any CPU.Build.0 = Release|Any CPU
	EndGlobalSection
	GlobalSection(SolutionProperties) = preSolution
		HideSolutionNode = FALSE
	EndGlobalSection
	GlobalSection(ExtensibilityGlobals) = postSolution
		SolutionGuid = {6025814E-89DB-4831-8CFB-5D9CB9BC8159}
	EndGlobalSection
EndGlobal
